
Microsoft Visual Studio Solution File, Format Version 12.00
# Visual Studio Version 16
VisualStudioVersion = 25.0.1700.0
MinimumVisualStudioVersion = 10.0.40219.1
Project("{FAE04EC0-301F-11D3-BF4B-00C04F79EFBC}") = "RazorSharp", "RazorSharp\RazorSharp.csproj", "{4964F3BC-A361-4A03-9B88-96452D0F1A5D}"
EndProject
Project("{FAE04EC0-301F-11D3-BF4B-00C04F79EFBC}") = "RazorSharp.Demo.Blazor.WasmServer", "RazorSharp.Demo.Blazor.WasmServer\RazorSharp.Demo.Blazor.WasmServer.csproj", "{BEF5A49C-8AA3-48DE-B54C-7688AF80A0EF}"
EndProject
Project("{FAE04EC0-301F-11D3-BF4B-00C04F79EFBC}") = "RazorSharp.Tests.Kit", "RazorSharp.Tests.Kit\RazorSharp.Tests.Kit.csproj", "{D71116F0-651A-4CE3-9BF3-3A890CEF85B8}"
EndProject
Project("{FAE04EC0-301F-11D3-BF4B-00C04F79EFBC}") = "RazorSharp.Tests.TestDoubles", "RazorSharp.Tests.TestDoubles\RazorSharp.Tests.TestDoubles.csproj", "{C2F6702F-7419-4545-AA66-2A61754D8D2D}"
EndProject
Project("{FAE04EC0-301F-11D3-BF4B-00C04F79EFBC}") = "RazorSharp.Tests", "RazorSharp.Tests\RazorSharp.Tests.csproj", "{189DD395-C86E-466F-89F3-0F1E025A1A6C}"
EndProject
Project("{FAE04EC0-301F-11D3-BF4B-00C04F79EFBC}") = "RazorSharp.Demo.Blazor.ServerApp", "RazorSharp.Demo.Blazor.ServerApp\RazorSharp.Demo.Blazor.ServerApp.csproj", "{378552C5-78D3-4A22-BBC8-CEEB81A86ED7}"
	ProjectSection(ProjectDependencies) = postProject
		{34A23F0C-B597-4098-8739-3DCC26D85988} = {34A23F0C-B597-4098-8739-3DCC26D85988}
		{C3BEC6E8-9EFF-48F4-A9AD-2C79B8D5339D} = {C3BEC6E8-9EFF-48F4-A9AD-2C79B8D5339D}
	EndProjectSection
EndProject
Project("{FAE04EC0-301F-11D3-BF4B-00C04F79EFBC}") = "RazorSharp.Demo.Blazor.WasmClient", "RazorSharp.Demo.Blazor.WasmClient\RazorSharp.Demo.Blazor.WasmClient.csproj", "{34A23F0C-B597-4098-8739-3DCC26D85988}"
EndProject
Project("{FAE04EC0-301F-11D3-BF4B-00C04F79EFBC}") = "RazorSharp.Demo.Data.Models", "RazorSharp.Demo.Data.Models\RazorSharp.Demo.Data.Models.csproj", "{2EF8EEED-1FC2-4905-95CB-28CC85CC54BE}"
EndProject
Project("{FAE04EC0-301F-11D3-BF4B-00C04F79EFBC}") = "RazorSharp.Core", "RazorSharp.Core\RazorSharp.Core.csproj", "{F7748BA6-85FF-4298-893C-55B20BC3F7EF}"
EndProject
Project("{FAE04EC0-301F-11D3-BF4B-00C04F79EFBC}") = "RazorSharp.Demo.UI", "RazorSharp.Demo.UI\RazorSharp.Demo.UI.csproj", "{C3BEC6E8-9EFF-48F4-A9AD-2C79B8D5339D}"
EndProject
Project("{FAE04EC0-301F-11D3-BF4B-00C04F79EFBC}") = "RazorSharp.Performance.Benchmarks", "RazorSharp.Performance.Benchmarks\RazorSharp.Performance.Benchmarks.csproj", "{EA407743-4D60-4C24-BA63-7E0BEB403B27}"
EndProject
Project("{FAE04EC0-301F-11D3-BF4B-00C04F79EFBC}") = "RazorSharp.Core.Components", "RazorSharp.Core.Components\RazorSharp.Core.Components.csproj", "{1DAB450C-05E7-498E-8929-94856459EC66}"
EndProject
Project("{2150E333-8FDC-42A3-9474-1A3956D46DE8}") = ".Demo", ".Demo", "{A2DC3A42-673A-4C9E-9C10-412A6C44F157}"
EndProject
Project("{2150E333-8FDC-42A3-9474-1A3956D46DE8}") = ".Tests", ".Tests", "{0FAB889F-42E9-4D4F-841C-FAC8C5E9D56E}"
EndProject
Project("{2150E333-8FDC-42A3-9474-1A3956D46DE8}") = ".Performance", ".Performance", "{2A8C5013-C289-4CB1-9A38-B3B0A6AAE9BA}"
EndProject
Project("{FAE04EC0-301F-11D3-BF4B-00C04F79EFBC}") = "RazorSharp.JSInterop", "RazorSharp.JSInterop\RazorSharp.JSInterop.csproj", "{B54384AD-5215-4F69-9749-9F5A3E8D211B}"
EndProject
Project("{FAE04EC0-301F-11D3-BF4B-00C04F79EFBC}") = "RazorSharp.Dom", "RazorSharp.Dom\RazorSharp.Dom.csproj", "{B7ACA4EB-2E53-445F-989E-950D1E749038}"
EndProject
Project("{2150E333-8FDC-42A3-9474-1A3956D46DE8}") = ".", ".", "{8BCBE533-F93C-4E0D-A673-F43A95DF0939}"
EndProject
Project("{FAE04EC0-301F-11D3-BF4B-00C04F79EFBC}") = "RazorSharp.JSInterop.Scripts", "RazorSharp.JSInterop.Scripts\RazorSharp.JSInterop.Scripts.csproj", "{58B7CBF3-C0BF-4967-B37C-D56095141B44}"
EndProject
Project("{FAE04EC0-301F-11D3-BF4B-00C04F79EFBC}") = "RazorSharp.Framework", "RazorSharp.Framework\RazorSharp.Framework.csproj", "{399BAD89-7383-42EF-83AE-71801420371F}"
EndProject
Project("{FAE04EC0-301F-11D3-BF4B-00C04F79EFBC}") = "RazorSharp.Demo.Search.DataServer", "RazorSharp.Demo.Search.DataServer\RazorSharp.Demo.Search.DataServer.csproj", "{FF8E68DF-86C5-4615-A9E6-D87FC6981B83}"
EndProject
Project("{FAE04EC0-301F-11D3-BF4B-00C04F79EFBC}") = "RazorSharp.Demo.Search", "RazorSharp.Demo.Search\RazorSharp.Demo.Search.csproj", "{F2747F29-549C-450F-B9AC-F43B2C3FF9A4}"
EndProject
Project("{FAE04EC0-301F-11D3-BF4B-00C04F79EFBC}") = "RazorSharp.JSInterop.Wrappers", "RazorSharp.JSInterop.Wrappers\RazorSharp.JSInterop.Wrappers.csproj", "{94EA66E8-D799-4F4F-A157-FD03BF203275}"
EndProject
Project("{FAE04EC0-301F-11D3-BF4B-00C04F79EFBC}") = "RazorSharp.Demo.Data.Converters", "RazorSharp.Demo.Data.Converters\RazorSharp.Demo.Data.Converters.csproj", "{112EEF17-635D-48C1-810D-56A255DD3241}"
EndProject
Project("{FAE04EC0-301F-11D3-BF4B-00C04F79EFBC}") = "RazorSharp.Demo.Data.Abstractions", "RazorSharp.Demo.Data.Abstractions\RazorSharp.Demo.Data.Abstractions.csproj", "{0887324B-DE24-4C24-9664-7F9825DC193B}"
EndProject
Project("{FAE04EC0-301F-11D3-BF4B-00C04F79EFBC}") = "RazorSharp.EntityFrameworkAdapter", "RazorSharp.EntityFrameworkAdapter\RazorSharp.EntityFrameworkAdapter.csproj", "{1B4F38F1-891D-45D4-93A6-FCEF7AB96FF0}"
EndProject
Project("{FAE04EC0-301F-11D3-BF4B-00C04F79EFBC}") = "RazorSharp.Demo.Data.EntityFramework", "RazorSharp.Demo.Data.EntityFramework\RazorSharp.Demo.Data.EntityFramework.csproj", "{815E99D8-883F-410B-AEF1-278F730C6E15}"
EndProject
Global
	GlobalSection(SolutionConfigurationPlatforms) = preSolution
		Debug|Any CPU = Debug|Any CPU
		Release|Any CPU = Release|Any CPU
		Benchmarks|Any CPU = Benchmarks|Any CPU
	EndGlobalSection
	GlobalSection(ProjectConfigurationPlatforms) = postSolution
		{4964F3BC-A361-4A03-9B88-96452D0F1A5D}.Debug|Any CPU.ActiveCfg = Debug|Any CPU
		{4964F3BC-A361-4A03-9B88-96452D0F1A5D}.Debug|Any CPU.Build.0 = Debug|Any CPU
		{4964F3BC-A361-4A03-9B88-96452D0F1A5D}.Release|Any CPU.ActiveCfg = Release|Any CPU
		{4964F3BC-A361-4A03-9B88-96452D0F1A5D}.Release|Any CPU.Build.0 = Release|Any CPU
		{4964F3BC-A361-4A03-9B88-96452D0F1A5D}.Benchmarks|Any CPU.ActiveCfg = Debug|Any CPU
		{BEF5A49C-8AA3-48DE-B54C-7688AF80A0EF}.Debug|Any CPU.ActiveCfg = Debug|Any CPU
		{BEF5A49C-8AA3-48DE-B54C-7688AF80A0EF}.Debug|Any CPU.Build.0 = Debug|Any CPU
		{BEF5A49C-8AA3-48DE-B54C-7688AF80A0EF}.Release|Any CPU.ActiveCfg = Release|Any CPU
		{BEF5A49C-8AA3-48DE-B54C-7688AF80A0EF}.Release|Any CPU.Build.0 = Release|Any CPU
		{BEF5A49C-8AA3-48DE-B54C-7688AF80A0EF}.Benchmarks|Any CPU.ActiveCfg = Debug|Any CPU
		{D71116F0-651A-4CE3-9BF3-3A890CEF85B8}.Debug|Any CPU.ActiveCfg = Debug|Any CPU
		{D71116F0-651A-4CE3-9BF3-3A890CEF85B8}.Debug|Any CPU.Build.0 = Debug|Any CPU
		{D71116F0-651A-4CE3-9BF3-3A890CEF85B8}.Release|Any CPU.ActiveCfg = Release|Any CPU
		{D71116F0-651A-4CE3-9BF3-3A890CEF85B8}.Release|Any CPU.Build.0 = Release|Any CPU
		{D71116F0-651A-4CE3-9BF3-3A890CEF85B8}.Benchmarks|Any CPU.ActiveCfg = Debug|Any CPU
		{C2F6702F-7419-4545-AA66-2A61754D8D2D}.Debug|Any CPU.ActiveCfg = Debug|Any CPU
		{C2F6702F-7419-4545-AA66-2A61754D8D2D}.Debug|Any CPU.Build.0 = Debug|Any CPU
		{C2F6702F-7419-4545-AA66-2A61754D8D2D}.Release|Any CPU.ActiveCfg = Release|Any CPU
		{C2F6702F-7419-4545-AA66-2A61754D8D2D}.Release|Any CPU.Build.0 = Release|Any CPU
		{C2F6702F-7419-4545-AA66-2A61754D8D2D}.Benchmarks|Any CPU.ActiveCfg = Debug|Any CPU
		{189DD395-C86E-466F-89F3-0F1E025A1A6C}.Debug|Any CPU.ActiveCfg = Debug|Any CPU
		{189DD395-C86E-466F-89F3-0F1E025A1A6C}.Debug|Any CPU.Build.0 = Debug|Any CPU
		{189DD395-C86E-466F-89F3-0F1E025A1A6C}.Release|Any CPU.ActiveCfg = Release|Any CPU
		{189DD395-C86E-466F-89F3-0F1E025A1A6C}.Release|Any CPU.Build.0 = Release|Any CPU
		{189DD395-C86E-466F-89F3-0F1E025A1A6C}.Benchmarks|Any CPU.ActiveCfg = Debug|Any CPU
		{378552C5-78D3-4A22-BBC8-CEEB81A86ED7}.Debug|Any CPU.ActiveCfg = Debug|Any CPU
		{378552C5-78D3-4A22-BBC8-CEEB81A86ED7}.Debug|Any CPU.Build.0 = Debug|Any CPU
		{378552C5-78D3-4A22-BBC8-CEEB81A86ED7}.Release|Any CPU.ActiveCfg = Release|Any CPU
		{378552C5-78D3-4A22-BBC8-CEEB81A86ED7}.Release|Any CPU.Build.0 = Release|Any CPU
		{378552C5-78D3-4A22-BBC8-CEEB81A86ED7}.Benchmarks|Any CPU.ActiveCfg = Debug|Any CPU
		{34A23F0C-B597-4098-8739-3DCC26D85988}.Debug|Any CPU.ActiveCfg = Debug|Any CPU
		{34A23F0C-B597-4098-8739-3DCC26D85988}.Debug|Any CPU.Build.0 = Debug|Any CPU
		{34A23F0C-B597-4098-8739-3DCC26D85988}.Release|Any CPU.ActiveCfg = Release|Any CPU
		{34A23F0C-B597-4098-8739-3DCC26D85988}.Release|Any CPU.Build.0 = Release|Any CPU
		{34A23F0C-B597-4098-8739-3DCC26D85988}.Benchmarks|Any CPU.ActiveCfg = Debug|Any CPU
		{2EF8EEED-1FC2-4905-95CB-28CC85CC54BE}.Debug|Any CPU.ActiveCfg = Debug|Any CPU
		{2EF8EEED-1FC2-4905-95CB-28CC85CC54BE}.Debug|Any CPU.Build.0 = Debug|Any CPU
		{2EF8EEED-1FC2-4905-95CB-28CC85CC54BE}.Release|Any CPU.ActiveCfg = Release|Any CPU
		{2EF8EEED-1FC2-4905-95CB-28CC85CC54BE}.Release|Any CPU.Build.0 = Release|Any CPU
		{2EF8EEED-1FC2-4905-95CB-28CC85CC54BE}.Benchmarks|Any CPU.ActiveCfg = Debug|Any CPU
		{F7748BA6-85FF-4298-893C-55B20BC3F7EF}.Debug|Any CPU.ActiveCfg = Debug|Any CPU
		{F7748BA6-85FF-4298-893C-55B20BC3F7EF}.Debug|Any CPU.Build.0 = Debug|Any CPU
		{F7748BA6-85FF-4298-893C-55B20BC3F7EF}.Release|Any CPU.ActiveCfg = Release|Any CPU
		{F7748BA6-85FF-4298-893C-55B20BC3F7EF}.Release|Any CPU.Build.0 = Release|Any CPU
		{F7748BA6-85FF-4298-893C-55B20BC3F7EF}.Benchmarks|Any CPU.ActiveCfg = Benchmarks|Any CPU
		{F7748BA6-85FF-4298-893C-55B20BC3F7EF}.Benchmarks|Any CPU.Build.0 = Benchmarks|Any CPU
		{C3BEC6E8-9EFF-48F4-A9AD-2C79B8D5339D}.Debug|Any CPU.ActiveCfg = Debug|Any CPU
		{C3BEC6E8-9EFF-48F4-A9AD-2C79B8D5339D}.Debug|Any CPU.Build.0 = Debug|Any CPU
		{C3BEC6E8-9EFF-48F4-A9AD-2C79B8D5339D}.Release|Any CPU.ActiveCfg = Release|Any CPU
		{C3BEC6E8-9EFF-48F4-A9AD-2C79B8D5339D}.Release|Any CPU.Build.0 = Release|Any CPU
		{C3BEC6E8-9EFF-48F4-A9AD-2C79B8D5339D}.Benchmarks|Any CPU.ActiveCfg = Debug|Any CPU
		{EA407743-4D60-4C24-BA63-7E0BEB403B27}.Debug|Any CPU.ActiveCfg = Debug|Any CPU
		{EA407743-4D60-4C24-BA63-7E0BEB403B27}.Release|Any CPU.ActiveCfg = Release|Any CPU
		{EA407743-4D60-4C24-BA63-7E0BEB403B27}.Benchmarks|Any CPU.ActiveCfg = Benchmarks|Any CPU
		{EA407743-4D60-4C24-BA63-7E0BEB403B27}.Benchmarks|Any CPU.Build.0 = Benchmarks|Any CPU
		{1DAB450C-05E7-498E-8929-94856459EC66}.Debug|Any CPU.ActiveCfg = Debug|Any CPU
		{1DAB450C-05E7-498E-8929-94856459EC66}.Debug|Any CPU.Build.0 = Debug|Any CPU
		{1DAB450C-05E7-498E-8929-94856459EC66}.Release|Any CPU.ActiveCfg = Release|Any CPU
		{1DAB450C-05E7-498E-8929-94856459EC66}.Release|Any CPU.Build.0 = Release|Any CPU
		{1DAB450C-05E7-498E-8929-94856459EC66}.Benchmarks|Any CPU.ActiveCfg = Debug|Any CPU
		{B54384AD-5215-4F69-9749-9F5A3E8D211B}.Debug|Any CPU.ActiveCfg = Debug|Any CPU
		{B54384AD-5215-4F69-9749-9F5A3E8D211B}.Debug|Any CPU.Build.0 = Debug|Any CPU
		{B54384AD-5215-4F69-9749-9F5A3E8D211B}.Release|Any CPU.ActiveCfg = Release|Any CPU
		{B54384AD-5215-4F69-9749-9F5A3E8D211B}.Release|Any CPU.Build.0 = Release|Any CPU
		{B54384AD-5215-4F69-9749-9F5A3E8D211B}.Benchmarks|Any CPU.ActiveCfg = Debug|Any CPU
		{B7ACA4EB-2E53-445F-989E-950D1E749038}.Debug|Any CPU.ActiveCfg = Debug|Any CPU
		{B7ACA4EB-2E53-445F-989E-950D1E749038}.Debug|Any CPU.Build.0 = Debug|Any CPU
		{B7ACA4EB-2E53-445F-989E-950D1E749038}.Release|Any CPU.ActiveCfg = Release|Any CPU
		{B7ACA4EB-2E53-445F-989E-950D1E749038}.Release|Any CPU.Build.0 = Release|Any CPU
		{B7ACA4EB-2E53-445F-989E-950D1E749038}.Benchmarks|Any CPU.ActiveCfg = Debug|Any CPU
		{58B7CBF3-C0BF-4967-B37C-D56095141B44}.Debug|Any CPU.ActiveCfg = Debug|Any CPU
		{58B7CBF3-C0BF-4967-B37C-D56095141B44}.Benchmarks|Any CPU.ActiveCfg = Debug|Any CPU
		{399BAD89-7383-42EF-83AE-71801420371F}.Debug|Any CPU.ActiveCfg = Debug|Any CPU
		{399BAD89-7383-42EF-83AE-71801420371F}.Debug|Any CPU.Build.0 = Debug|Any CPU
		{399BAD89-7383-42EF-83AE-71801420371F}.Release|Any CPU.ActiveCfg = Release|Any CPU
		{399BAD89-7383-42EF-83AE-71801420371F}.Release|Any CPU.Build.0 = Release|Any CPU
		{399BAD89-7383-42EF-83AE-71801420371F}.Benchmarks|Any CPU.ActiveCfg = Debug|Any CPU
		{FF8E68DF-86C5-4615-A9E6-D87FC6981B83}.Debug|Any CPU.ActiveCfg = Debug|Any CPU
		{FF8E68DF-86C5-4615-A9E6-D87FC6981B83}.Debug|Any CPU.Build.0 = Debug|Any CPU
		{FF8E68DF-86C5-4615-A9E6-D87FC6981B83}.Release|Any CPU.ActiveCfg = Release|Any CPU
		{FF8E68DF-86C5-4615-A9E6-D87FC6981B83}.Release|Any CPU.Build.0 = Release|Any CPU
		{FF8E68DF-86C5-4615-A9E6-D87FC6981B83}.Benchmarks|Any CPU.ActiveCfg = Debug|Any CPU
		{F2747F29-549C-450F-B9AC-F43B2C3FF9A4}.Debug|Any CPU.ActiveCfg = Debug|Any CPU
		{F2747F29-549C-450F-B9AC-F43B2C3FF9A4}.Debug|Any CPU.Build.0 = Debug|Any CPU
		{F2747F29-549C-450F-B9AC-F43B2C3FF9A4}.Release|Any CPU.ActiveCfg = Release|Any CPU
		{F2747F29-549C-450F-B9AC-F43B2C3FF9A4}.Release|Any CPU.Build.0 = Release|Any CPU
		{F2747F29-549C-450F-B9AC-F43B2C3FF9A4}.Benchmarks|Any CPU.ActiveCfg = Debug|Any CPU
		{94EA66E8-D799-4F4F-A157-FD03BF203275}.Debug|Any CPU.ActiveCfg = Debug|Any CPU
		{94EA66E8-D799-4F4F-A157-FD03BF203275}.Debug|Any CPU.Build.0 = Debug|Any CPU
		{94EA66E8-D799-4F4F-A157-FD03BF203275}.Release|Any CPU.ActiveCfg = Release|Any CPU
		{94EA66E8-D799-4F4F-A157-FD03BF203275}.Release|Any CPU.Build.0 = Release|Any CPU
		{94EA66E8-D799-4F4F-A157-FD03BF203275}.Benchmarks|Any CPU.ActiveCfg = Debug|Any CPU
		{112EEF17-635D-48C1-810D-56A255DD3241}.Debug|Any CPU.ActiveCfg = Debug|Any CPU
		{112EEF17-635D-48C1-810D-56A255DD3241}.Debug|Any CPU.Build.0 = Debug|Any CPU
		{112EEF17-635D-48C1-810D-56A255DD3241}.Release|Any CPU.ActiveCfg = Release|Any CPU
		{112EEF17-635D-48C1-810D-56A255DD3241}.Release|Any CPU.Build.0 = Release|Any CPU
		{112EEF17-635D-48C1-810D-56A255DD3241}.Benchmarks|Any CPU.ActiveCfg = Debug|Any CPU
		{0887324B-DE24-4C24-9664-7F9825DC193B}.Debug|Any CPU.ActiveCfg = Debug|Any CPU
		{0887324B-DE24-4C24-9664-7F9825DC193B}.Debug|Any CPU.Build.0 = Debug|Any CPU
		{0887324B-DE24-4C24-9664-7F9825DC193B}.Release|Any CPU.ActiveCfg = Release|Any CPU
		{0887324B-DE24-4C24-9664-7F9825DC193B}.Release|Any CPU.Build.0 = Release|Any CPU
		{0887324B-DE24-4C24-9664-7F9825DC193B}.Benchmarks|Any CPU.ActiveCfg = Debug|Any CPU
		{1B4F38F1-891D-45D4-93A6-FCEF7AB96FF0}.Debug|Any CPU.ActiveCfg = Debug|Any CPU
		{1B4F38F1-891D-45D4-93A6-FCEF7AB96FF0}.Debug|Any CPU.Build.0 = Debug|Any CPU
		{1B4F38F1-891D-45D4-93A6-FCEF7AB96FF0}.Release|Any CPU.ActiveCfg = Release|Any CPU
		{1B4F38F1-891D-45D4-93A6-FCEF7AB96FF0}.Release|Any CPU.Build.0 = Release|Any CPU
		{1B4F38F1-891D-45D4-93A6-FCEF7AB96FF0}.Benchmarks|Any CPU.ActiveCfg = Debug|Any CPU
		{1B4F38F1-891D-45D4-93A6-FCEF7AB96FF0}.Benchmarks|Any CPU.Build.0 = Debug|Any CPU
		{815E99D8-883F-410B-AEF1-278F730C6E15}.Debug|Any CPU.ActiveCfg = Debug|Any CPU
		{815E99D8-883F-410B-AEF1-278F730C6E15}.Debug|Any CPU.Build.0 = Debug|Any CPU
		{815E99D8-883F-410B-AEF1-278F730C6E15}.Release|Any CPU.ActiveCfg = Release|Any CPU
		{815E99D8-883F-410B-AEF1-278F730C6E15}.Release|Any CPU.Build.0 = Release|Any CPU
		{815E99D8-883F-410B-AEF1-278F730C6E15}.Benchmarks|Any CPU.ActiveCfg = Debug|Any CPU
		{815E99D8-883F-410B-AEF1-278F730C6E15}.Benchmarks|Any CPU.Build.0 = Debug|Any CPU
	EndGlobalSection
	GlobalSection(SolutionProperties) = preSolution
		HideSolutionNode = FALSE
	EndGlobalSection
	GlobalSection(ExtensibilityGlobals) = postSolution
		SolutionGuid = {ABB08B38-93C3-494E-972B-95A67FA45D23}
	EndGlobalSection
	GlobalSection(MonoDevelopProperties) = preSolution
		Policies = $0
		$0.DotNetNamingPolicy = $1
		$1.DirectoryNamespaceAssociation = PrefixedHierarchical
		$0.TextStylePolicy = $2
		$2.inheritsSet = null
		$2.scope = text/x-csharp
		$0.CSharpFormattingPolicy = $3
		$3.scope = text/x-csharp
		$0.StandardHeader = $4
	EndGlobalSection
	GlobalSection(NestedProjects) = preSolution
		{2EF8EEED-1FC2-4905-95CB-28CC85CC54BE} = {A2DC3A42-673A-4C9E-9C10-412A6C44F157}
		{378552C5-78D3-4A22-BBC8-CEEB81A86ED7} = {A2DC3A42-673A-4C9E-9C10-412A6C44F157}
		{C3BEC6E8-9EFF-48F4-A9AD-2C79B8D5339D} = {A2DC3A42-673A-4C9E-9C10-412A6C44F157}
		{34A23F0C-B597-4098-8739-3DCC26D85988} = {A2DC3A42-673A-4C9E-9C10-412A6C44F157}
		{BEF5A49C-8AA3-48DE-B54C-7688AF80A0EF} = {A2DC3A42-673A-4C9E-9C10-412A6C44F157}
		{189DD395-C86E-466F-89F3-0F1E025A1A6C} = {0FAB889F-42E9-4D4F-841C-FAC8C5E9D56E}
		{C2F6702F-7419-4545-AA66-2A61754D8D2D} = {0FAB889F-42E9-4D4F-841C-FAC8C5E9D56E}
		{D71116F0-651A-4CE3-9BF3-3A890CEF85B8} = {0FAB889F-42E9-4D4F-841C-FAC8C5E9D56E}
		{EA407743-4D60-4C24-BA63-7E0BEB403B27} = {2A8C5013-C289-4CB1-9A38-B3B0A6AAE9BA}
		{4964F3BC-A361-4A03-9B88-96452D0F1A5D} = {8BCBE533-F93C-4E0D-A673-F43A95DF0939}
		{F7748BA6-85FF-4298-893C-55B20BC3F7EF} = {8BCBE533-F93C-4E0D-A673-F43A95DF0939}
		{B7ACA4EB-2E53-445F-989E-950D1E749038} = {8BCBE533-F93C-4E0D-A673-F43A95DF0939}
		{1DAB450C-05E7-498E-8929-94856459EC66} = {8BCBE533-F93C-4E0D-A673-F43A95DF0939}
		{B54384AD-5215-4F69-9749-9F5A3E8D211B} = {8BCBE533-F93C-4E0D-A673-F43A95DF0939}
		{58B7CBF3-C0BF-4967-B37C-D56095141B44} = {8BCBE533-F93C-4E0D-A673-F43A95DF0939}
		{399BAD89-7383-42EF-83AE-71801420371F} = {8BCBE533-F93C-4E0D-A673-F43A95DF0939}
		{FF8E68DF-86C5-4615-A9E6-D87FC6981B83} = {A2DC3A42-673A-4C9E-9C10-412A6C44F157}
		{F2747F29-549C-450F-B9AC-F43B2C3FF9A4} = {A2DC3A42-673A-4C9E-9C10-412A6C44F157}
		{94EA66E8-D799-4F4F-A157-FD03BF203275} = {8BCBE533-F93C-4E0D-A673-F43A95DF0939}
		{112EEF17-635D-48C1-810D-56A255DD3241} = {A2DC3A42-673A-4C9E-9C10-412A6C44F157}
		{0887324B-DE24-4C24-9664-7F9825DC193B} = {A2DC3A42-673A-4C9E-9C10-412A6C44F157}
		{1B4F38F1-891D-45D4-93A6-FCEF7AB96FF0} = {8BCBE533-F93C-4E0D-A673-F43A95DF0939}
		{815E99D8-883F-410B-AEF1-278F730C6E15} = {A2DC3A42-673A-4C9E-9C10-412A6C44F157}
	EndGlobalSection
EndGlobal
